
Microsoft Visual Studio Solution File, Format Version 11.00
# Visual Studio 2010
Project("{8BC9CEB8-8B4A-11D0-8D11-00A0C91BC942}") = "EnvConsole", "EnvConsole\EnvConsole.vcxproj", "{DB68C53D-3AE1-462F-823F-2A86A5591EF6}"
EndProject
Global
	GlobalSection(SolutionConfigurationPlatforms) = preSolution
		Debug|Win32 = Debug|Win32
		Release|Win32 = Release|Win32
	EndGlobalSection
	GlobalSection(ProjectConfigurationPlatforms) = postSolution
		{DB68C53D-3AE1-462F-823F-2A86A5591EF6}.Debug|Win32.ActiveCfg = Debug|Win32
		{DB68C53D-3AE1-462F-823F-2A86A5591EF6}.Debug|Win32.Build.0 = Debug|Win32
		{DB68C53D-3AE1-462F-823F-2A86A5591EF6}.Release|Win32.ActiveCfg = Release|Win32
		{DB68C53D-3AE1-462F-823F-2A86A5591EF6}.Release|Win32.Build.0 = Release|Win32
	EndGlobalSection
	GlobalSection(SolutionProperties) = preSolution
		HideSolutionNode = FALSE
	EndGlobalSection
EndGlobal
